
Microsoft Visual Studio Solution File, Format Version 11.00
# Visual Studio 2010
Project("{FAE04EC0-301F-11D3-BF4B-00C04F79EFBC}") = "UnityEngine.TestRunner", "UnityEngine.TestRunner.csproj", "{f9bfb101-ebf8-da01-b770-0788e04f46bd}"
EndProject
Project("{FAE04EC0-301F-11D3-BF4B-00C04F79EFBC}") = "Unity.Mathematics", "Unity.Mathematics.csproj", "{55d9e1f3-ec3a-089b-ae6d-867dca9df752}"
EndProject
Project("{FAE04EC0-301F-11D3-BF4B-00C04F79EFBC}") = "Unity.2D.Animation.Triangle.Runtime", "Unity.2D.Animation.Triangle.Runtime.csproj", "{31f12167-5e63-c617-678d-8c36ec4c663d}"
EndProject
Project("{FAE04EC0-301F-11D3-BF4B-00C04F79EFBC}") = "Unity.Timeline", "Unity.Timeline.csproj", "{abcf71aa-0e42-67e8-0666-4f0f82b56279}"
EndProject
Project("{FAE04EC0-301F-11D3-BF4B-00C04F79EFBC}") = "UnityEngine.UI", "UnityEngine.UI.csproj", "{a72cac03-01af-34fe-84b6-7ce92cf47147}"
EndProject
Project("{FAE04EC0-301F-11D3-BF4B-00C04F79EFBC}") = "Unity.TextMeshPro", "Unity.TextMeshPro.csproj", "{f2ab7533-b5bc-3fbc-d583-0fe77c66c37c}"
EndProject
Project("{FAE04EC0-301F-11D3-BF4B-00C04F79EFBC}") = "Unity.2D.Animation.Runtime", "Unity.2D.Animation.Runtime.csproj", "{05f68232-a01b-2ba7-e013-0963239ecc0e}"
EndProject
Project("{FAE04EC0-301F-11D3-BF4B-00C04F79EFBC}") = "Unity.2D.IK.Runtime", "Unity.2D.IK.Runtime.csproj", "{afbd3075-0e2c-ca03-dc69-6abf484ed2b2}"
EndProject
Project("{FAE04EC0-301F-11D3-BF4B-00C04F79EFBC}") = "Unity.2D.SpriteShape.Runtime", "Unity.2D.SpriteShape.Runtime.csproj", "{8d0cc78f-2c9a-9f9e-7f62-429984607cbd}"
EndProject
Project("{FAE04EC0-301F-11D3-BF4B-00C04F79EFBC}") = "Unity.2D.PixelPerfect", "Unity.2D.PixelPerfect.csproj", "{1f9d5262-e2b8-3831-286f-c5d1c984dddd}"
EndProject
Project("{FAE04EC0-301F-11D3-BF4B-00C04F79EFBC}") = "Assembly-CSharp", "Assembly-CSharp.csproj", "{e6bdc332-25e1-2831-82c1-25d0441455a3}"
EndProject
Project("{FAE04EC0-301F-11D3-BF4B-00C04F79EFBC}") = "Unity.2D.Common.Runtime", "Unity.2D.Common.Runtime.csproj", "{8c5afa7a-ebbf-97e7-b1ad-dea8a0ca124a}"
EndProject
Project("{FAE04EC0-301F-11D3-BF4B-00C04F79EFBC}") = "Unity.InternalAPIEngineBridge.001", "Unity.InternalAPIEngineBridge.001.csproj", "{d50554ef-1394-3611-c16f-4d61fc03e60c}"
EndProject
Project("{FAE04EC0-301F-11D3-BF4B-00C04F79EFBC}") = "UnityEditor.TestRunner", "UnityEditor.TestRunner.csproj", "{907504a3-bb38-b1cc-c01d-c771027f8920}"
EndProject
Project("{FAE04EC0-301F-11D3-BF4B-00C04F79EFBC}") = "Unity.PlasticSCM.Editor", "Unity.PlasticSCM.Editor.csproj", "{686a1bd9-51cc-dfee-eecd-a582294ed2e9}"
EndProject
Project("{FAE04EC0-301F-11D3-BF4B-00C04F79EFBC}") = "UnityEditor.UI", "UnityEditor.UI.csproj", "{6a017c06-df9b-ce7d-2e59-c851bcb7cd88}"
EndProject
Project("{FAE04EC0-301F-11D3-BF4B-00C04F79EFBC}") = "Unity.Services.Core.Editor", "Unity.Services.Core.Editor.csproj", "{1abb85fb-a775-7ba1-ab84-2bd94e550d1d}"
EndProject
Project("{FAE04EC0-301F-11D3-BF4B-00C04F79EFBC}") = "Unity.Timeline.Editor", "Unity.Timeline.Editor.csproj", "{434cc59d-d150-eb95-bb01-5c3160e083a4}"
EndProject
Project("{FAE04EC0-301F-11D3-BF4B-00C04F79EFBC}") = "Unity.VisualStudio.Editor", "Unity.VisualStudio.Editor.csproj", "{350f25a5-1813-4425-dd4c-5c2fc4147c97}"
EndProject
Project("{FAE04EC0-301F-11D3-BF4B-00C04F79EFBC}") = "Unity.2D.Psdimporter.Editor", "Unity.2D.Psdimporter.Editor.csproj", "{a6a92545-4be6-9f9c-c85c-9db066f0aa18}"
EndProject
Project("{FAE04EC0-301F-11D3-BF4B-00C04F79EFBC}") = "Unity.2D.Animation.Editor", "Unity.2D.Animation.Editor.csproj", "{39b5269e-c4ea-beb7-036e-84fc9060f1df}"
EndProject
Project("{FAE04EC0-301F-11D3-BF4B-00C04F79EFBC}") = "Unity.TextMeshPro.Editor", "Unity.TextMeshPro.Editor.csproj", "{560701ab-18d9-42ea-906f-0fd15891eda7}"
EndProject
Project("{FAE04EC0-301F-11D3-BF4B-00C04F79EFBC}") = "Unity.2D.SpriteShape.Editor", "Unity.2D.SpriteShape.Editor.csproj", "{b1a57a07-7ebe-f265-c87f-d9d7ee95961e}"
EndProject
Project("{FAE04EC0-301F-11D3-BF4B-00C04F79EFBC}") = "Unity.CollabProxy.Editor", "Unity.CollabProxy.Editor.csproj", "{ab607c16-6dab-ed7e-beb2-efa64d7c53b6}"
EndProject
Project("{FAE04EC0-301F-11D3-BF4B-00C04F79EFBC}") = "PsdPlugin", "PsdPlugin.csproj", "{a5faf5d1-5f61-28c0-ad8a-2e14b8106ca3}"
EndProject
Project("{FAE04EC0-301F-11D3-BF4B-00C04F79EFBC}") = "Unity.2D.Path.Editor", "Unity.2D.Path.Editor.csproj", "{efc7e1d2-e9b0-3ae3-f645-9fed7c292e24}"
EndProject
Project("{FAE04EC0-301F-11D3-BF4B-00C04F79EFBC}") = "Unity.Rider.Editor", "Unity.Rider.Editor.csproj", "{8985169b-5633-b501-b9f7-335c1615cd9e}"
EndProject
Project("{FAE04EC0-301F-11D3-BF4B-00C04F79EFBC}") = "Unity.2D.IK.Editor", "Unity.2D.IK.Editor.csproj", "{248453ad-8979-a748-c053-f39f50478625}"
EndProject
Project("{FAE04EC0-301F-11D3-BF4B-00C04F79EFBC}") = "Unity.2D.Sprite.Editor", "Unity.2D.Sprite.Editor.csproj", "{539f3c65-4e69-3490-fe26-2ed3b35375e8}"
EndProject
Project("{FAE04EC0-301F-11D3-BF4B-00C04F79EFBC}") = "Unity.2D.Tilemap.Editor", "Unity.2D.Tilemap.Editor.csproj", "{f12b7d94-eb23-f68d-4cbd-89add40313f6}"
EndProject
Project("{FAE04EC0-301F-11D3-BF4B-00C04F79EFBC}") = "Unity.2D.PixelPerfect.Editor", "Unity.2D.PixelPerfect.Editor.csproj", "{998db35e-95a0-2a48-3b9f-52e41599b67d}"
EndProject
Project("{FAE04EC0-301F-11D3-BF4B-00C04F79EFBC}") = "Unity.VSCode.Editor", "Unity.VSCode.Editor.csproj", "{5f75d486-ec5c-b49b-cff1-41db8cad4a63}"
EndProject
Project("{FAE04EC0-301F-11D3-BF4B-00C04F79EFBC}") = "Unity.2D.Common.Editor", "Unity.2D.Common.Editor.csproj", "{efe28efd-fe8e-0b25-1d53-a5cb7421b24d}"
EndProject
Project("{FAE04EC0-301F-11D3-BF4B-00C04F79EFBC}") = "Unity.Mathematics.Editor", "Unity.Mathematics.Editor.csproj", "{2ccc6f54-1c38-8b6d-e6b6-4b7dad5bbd36}"
EndProject
Project("{FAE04EC0-301F-11D3-BF4B-00C04F79EFBC}") = "Unity.InternalAPIEditorBridge.001", "Unity.InternalAPIEditorBridge.001.csproj", "{a56768e7-1e46-d2b2-7868-d3c985ca37e3}"
EndProject
Global
	GlobalSection(SolutionConfigurationPlatforms) = preSolution
		Debug|Any CPU = Debug|Any CPU
	EndGlobalSection
	GlobalSection(ProjectConfigurationPlatforms) = postSolution
		{f9bfb101-ebf8-da01-b770-0788e04f46bd}.Debug|Any CPU.ActiveCfg = Debug|Any CPU
		{f9bfb101-ebf8-da01-b770-0788e04f46bd}.Debug|Any CPU.Build.0 = Debug|Any CPU
		{55d9e1f3-ec3a-089b-ae6d-867dca9df752}.Debug|Any CPU.ActiveCfg = Debug|Any CPU
		{55d9e1f3-ec3a-089b-ae6d-867dca9df752}.Debug|Any CPU.Build.0 = Debug|Any CPU
		{31f12167-5e63-c617-678d-8c36ec4c663d}.Debug|Any CPU.ActiveCfg = Debug|Any CPU
		{31f12167-5e63-c617-678d-8c36ec4c663d}.Debug|Any CPU.Build.0 = Debug|Any CPU
		{abcf71aa-0e42-67e8-0666-4f0f82b56279}.Debug|Any CPU.ActiveCfg = Debug|Any CPU
		{abcf71aa-0e42-67e8-0666-4f0f82b56279}.Debug|Any CPU.Build.0 = Debug|Any CPU
		{a72cac03-01af-34fe-84b6-7ce92cf47147}.Debug|Any CPU.ActiveCfg = Debug|Any CPU
		{a72cac03-01af-34fe-84b6-7ce92cf47147}.Debug|Any CPU.Build.0 = Debug|Any CPU
		{f2ab7533-b5bc-3fbc-d583-0fe77c66c37c}.Debug|Any CPU.ActiveCfg = Debug|Any CPU
		{f2ab7533-b5bc-3fbc-d583-0fe77c66c37c}.Debug|Any CPU.Build.0 = Debug|Any CPU
		{05f68232-a01b-2ba7-e013-0963239ecc0e}.Debug|Any CPU.ActiveCfg = Debug|Any CPU
		{05f68232-a01b-2ba7-e013-0963239ecc0e}.Debug|Any CPU.Build.0 = Debug|Any CPU
		{afbd3075-0e2c-ca03-dc69-6abf484ed2b2}.Debug|Any CPU.ActiveCfg = Debug|Any CPU
		{afbd3075-0e2c-ca03-dc69-6abf484ed2b2}.Debug|Any CPU.Build.0 = Debug|Any CPU
		{8d0cc78f-2c9a-9f9e-7f62-429984607cbd}.Debug|Any CPU.ActiveCfg = Debug|Any CPU
		{8d0cc78f-2c9a-9f9e-7f62-429984607cbd}.Debug|Any CPU.Build.0 = Debug|Any CPU
		{1f9d5262-e2b8-3831-286f-c5d1c984dddd}.Debug|Any CPU.ActiveCfg = Debug|Any CPU
		{1f9d5262-e2b8-3831-286f-c5d1c984dddd}.Debug|Any CPU.Build.0 = Debug|Any CPU
		{e6bdc332-25e1-2831-82c1-25d0441455a3}.Debug|Any CPU.ActiveCfg = Debug|Any CPU
		{e6bdc332-25e1-2831-82c1-25d0441455a3}.Debug|Any CPU.Build.0 = Debug|Any CPU
		{8c5afa7a-ebbf-97e7-b1ad-dea8a0ca124a}.Debug|Any CPU.ActiveCfg = Debug|Any CPU
		{8c5afa7a-ebbf-97e7-b1ad-dea8a0ca124a}.Debug|Any CPU.Build.0 = Debug|Any CPU
		{d50554ef-1394-3611-c16f-4d61fc03e60c}.Debug|Any CPU.ActiveCfg = Debug|Any CPU
		{d50554ef-1394-3611-c16f-4d61fc03e60c}.Debug|Any CPU.Build.0 = Debug|Any CPU
		{907504a3-bb38-b1cc-c01d-c771027f8920}.Debug|Any CPU.ActiveCfg = Debug|Any CPU
		{907504a3-bb38-b1cc-c01d-c771027f8920}.Debug|Any CPU.Build.0 = Debug|Any CPU
		{686a1bd9-51cc-dfee-eecd-a582294ed2e9}.Debug|Any CPU.ActiveCfg = Debug|Any CPU
		{686a1bd9-51cc-dfee-eecd-a582294ed2e9}.Debug|Any CPU.Build.0 = Debug|Any CPU
		{6a017c06-df9b-ce7d-2e59-c851bcb7cd88}.Debug|Any CPU.ActiveCfg = Debug|Any CPU
		{6a017c06-df9b-ce7d-2e59-c851bcb7cd88}.Debug|Any CPU.Build.0 = Debug|Any CPU
		{1abb85fb-a775-7ba1-ab84-2bd94e550d1d}.Debug|Any CPU.ActiveCfg = Debug|Any CPU
		{1abb85fb-a775-7ba1-ab84-2bd94e550d1d}.Debug|Any CPU.Build.0 = Debug|Any CPU
		{434cc59d-d150-eb95-bb01-5c3160e083a4}.Debug|Any CPU.ActiveCfg = Debug|Any CPU
		{434cc59d-d150-eb95-bb01-5c3160e083a4}.Debug|Any CPU.Build.0 = Debug|Any CPU
		{350f25a5-1813-4425-dd4c-5c2fc4147c97}.Debug|Any CPU.ActiveCfg = Debug|Any CPU
		{350f25a5-1813-4425-dd4c-5c2fc4147c97}.Debug|Any CPU.Build.0 = Debug|Any CPU
		{a6a92545-4be6-9f9c-c85c-9db066f0aa18}.Debug|Any CPU.ActiveCfg = Debug|Any CPU
		{a6a92545-4be6-9f9c-c85c-9db066f0aa18}.Debug|Any CPU.Build.0 = Debug|Any CPU
		{39b5269e-c4ea-beb7-036e-84fc9060f1df}.Debug|Any CPU.ActiveCfg = Debug|Any CPU
		{39b5269e-c4ea-beb7-036e-84fc9060f1df}.Debug|Any CPU.Build.0 = Debug|Any CPU
		{560701ab-18d9-42ea-906f-0fd15891eda7}.Debug|Any CPU.ActiveCfg = Debug|Any CPU
		{560701ab-18d9-42ea-906f-0fd15891eda7}.Debug|Any CPU.Build.0 = Debug|Any CPU
		{b1a57a07-7ebe-f265-c87f-d9d7ee95961e}.Debug|Any CPU.ActiveCfg = Debug|Any CPU
		{b1a57a07-7ebe-f265-c87f-d9d7ee95961e}.Debug|Any CPU.Build.0 = Debug|Any CPU
		{ab607c16-6dab-ed7e-beb2-efa64d7c53b6}.Debug|Any CPU.ActiveCfg = Debug|Any CPU
		{ab607c16-6dab-ed7e-beb2-efa64d7c53b6}.Debug|Any CPU.Build.0 = Debug|Any CPU
		{a5faf5d1-5f61-28c0-ad8a-2e14b8106ca3}.Debug|Any CPU.ActiveCfg = Debug|Any CPU
		{a5faf5d1-5f61-28c0-ad8a-2e14b8106ca3}.Debug|Any CPU.Build.0 = Debug|Any CPU
		{efc7e1d2-e9b0-3ae3-f645-9fed7c292e24}.Debug|Any CPU.ActiveCfg = Debug|Any CPU
		{efc7e1d2-e9b0-3ae3-f645-9fed7c292e24}.Debug|Any CPU.Build.0 = Debug|Any CPU
		{8985169b-5633-b501-b9f7-335c1615cd9e}.Debug|Any CPU.ActiveCfg = Debug|Any CPU
		{8985169b-5633-b501-b9f7-335c1615cd9e}.Debug|Any CPU.Build.0 = Debug|Any CPU
		{248453ad-8979-a748-c053-f39f50478625}.Debug|Any CPU.ActiveCfg = Debug|Any CPU
		{248453ad-8979-a748-c053-f39f50478625}.Debug|Any CPU.Build.0 = Debug|Any CPU
		{539f3c65-4e69-3490-fe26-2ed3b35375e8}.Debug|Any CPU.ActiveCfg = Debug|Any CPU
		{539f3c65-4e69-3490-fe26-2ed3b35375e8}.Debug|Any CPU.Build.0 = Debug|Any CPU
		{f12b7d94-eb23-f68d-4cbd-89add40313f6}.Debug|Any CPU.ActiveCfg = Debug|Any CPU
		{f12b7d94-eb23-f68d-4cbd-89add40313f6}.Debug|Any CPU.Build.0 = Debug|Any CPU
		{998db35e-95a0-2a48-3b9f-52e41599b67d}.Debug|Any CPU.ActiveCfg = Debug|Any CPU
		{998db35e-95a0-2a48-3b9f-52e41599b67d}.Debug|Any CPU.Build.0 = Debug|Any CPU
		{5f75d486-ec5c-b49b-cff1-41db8cad4a63}.Debug|Any CPU.ActiveCfg = Debug|Any CPU
		{5f75d486-ec5c-b49b-cff1-41db8cad4a63}.Debug|Any CPU.Build.0 = Debug|Any CPU
		{efe28efd-fe8e-0b25-1d53-a5cb7421b24d}.Debug|Any CPU.ActiveCfg = Debug|Any CPU
		{efe28efd-fe8e-0b25-1d53-a5cb7421b24d}.Debug|Any CPU.Build.0 = Debug|Any CPU
		{2ccc6f54-1c38-8b6d-e6b6-4b7dad5bbd36}.Debug|Any CPU.ActiveCfg = Debug|Any CPU
		{2ccc6f54-1c38-8b6d-e6b6-4b7dad5bbd36}.Debug|Any CPU.Build.0 = Debug|Any CPU
		{a56768e7-1e46-d2b2-7868-d3c985ca37e3}.Debug|Any CPU.ActiveCfg = Debug|Any CPU
		{a56768e7-1e46-d2b2-7868-d3c985ca37e3}.Debug|Any CPU.Build.0 = Debug|Any CPU
	EndGlobalSection
	GlobalSection(SolutionProperties) = preSolution
		HideSolutionNode = FALSE
	EndGlobalSection
EndGlobal
